
Microsoft Visual Studio Solution File, Format Version 12.00
# Visual Studio Version 17
VisualStudioVersion = 17.8.34511.84
MinimumVisualStudioVersion = 10.0.40219.1
Project("{9A19103F-16F7-4668-BE54-9A1E7A4F7556}") = "BookingBuddy.Server", "BookingBuddy.Server\BookingBuddy.Server.csproj", "{1CE7CED7-610A-4C3F-8B3C-E30D2E5E5551}"
EndProject
Project("{54A90642-561A-4BB1-A94E-469ADEE60C69}") = "bookingbuddy.client", "bookingbuddy.client\bookingbuddy.client.esproj", "{3718ED08-AA19-4B64-A272-F290F52EB188}"
EndProject
Project("{FAE04EC0-301F-11D3-BF4B-00C04F79EFBC}") = "BookingBuddyTest", "BookingBuddyTest\BookingBuddyTest.csproj", "{04A95ECA-8D62-46F7-BB0E-F34D1D180E40}"
EndProject
Global
	GlobalSection(SolutionConfigurationPlatforms) = preSolution
		Debug|Any CPU = Debug|Any CPU
		Release|Any CPU = Release|Any CPU
	EndGlobalSection
	GlobalSection(ProjectConfigurationPlatforms) = postSolution
		{1CE7CED7-610A-4C3F-8B3C-E30D2E5E5551}.Debug|Any CPU.ActiveCfg = Debug|Any CPU
		{1CE7CED7-610A-4C3F-8B3C-E30D2E5E5551}.Debug|Any CPU.Build.0 = Debug|Any CPU
		{1CE7CED7-610A-4C3F-8B3C-E30D2E5E5551}.Release|Any CPU.ActiveCfg = Release|Any CPU
		{1CE7CED7-610A-4C3F-8B3C-E30D2E5E5551}.Release|Any CPU.Build.0 = Release|Any CPU
		{3718ED08-AA19-4B64-A272-F290F52EB188}.Debug|Any CPU.ActiveCfg = Debug|Any CPU
		{3718ED08-AA19-4B64-A272-F290F52EB188}.Debug|Any CPU.Build.0 = Debug|Any CPU
		{3718ED08-AA19-4B64-A272-F290F52EB188}.Debug|Any CPU.Deploy.0 = Debug|Any CPU
		{3718ED08-AA19-4B64-A272-F290F52EB188}.Release|Any CPU.ActiveCfg = Release|Any CPU
		{3718ED08-AA19-4B64-A272-F290F52EB188}.Release|Any CPU.Build.0 = Release|Any CPU
		{3718ED08-AA19-4B64-A272-F290F52EB188}.Release|Any CPU.Deploy.0 = Release|Any CPU
		{04A95ECA-8D62-46F7-BB0E-F34D1D180E40}.Debug|Any CPU.ActiveCfg = Debug|Any CPU
		{04A95ECA-8D62-46F7-BB0E-F34D1D180E40}.Debug|Any CPU.Build.0 = Debug|Any CPU
		{04A95ECA-8D62-46F7-BB0E-F34D1D180E40}.Release|Any CPU.ActiveCfg = Release|Any CPU
		{04A95ECA-8D62-46F7-BB0E-F34D1D180E40}.Release|Any CPU.Build.0 = Release|Any CPU
	EndGlobalSection
	GlobalSection(SolutionProperties) = preSolution
		HideSolutionNode = FALSE
	EndGlobalSection
	GlobalSection(ExtensibilityGlobals) = postSolution
		SolutionGuid = {5BF4F529-FD3D-403B-942E-99008EFF8FEA}
	EndGlobalSection
EndGlobal
