{
  "name": "BookingBuddy",
  "lockfileVersion": 3,
  "requires": true,
  "packages": {
    "": {
      "dependencies": {
        "@fullcalendar/interaction": "^6.1.10"
      }
    },
    "node_modules/@fullcalendar/core": {
      "version": "6.1.10",
      "resolved": "https://registry.npmjs.org/@fullcalendar/core/-/core-6.1.10.tgz",
      "integrity": "sha512-oTXGJSAGpCf1oY+CKp5qYjMHkJCPBkJ3SHitl63n8Q6xKeiwQ4EF6Au451euUovREwJpLmD1AyZrCnWmtB9AVg==",
      "peer": true,
      "dependencies": {
        "preact": "~10.12.1"
      }
    },
    "node_modules/@fullcalendar/interaction": {
      "version": "6.1.10",
      "resolved": "https://registry.npmjs.org/@fullcalendar/interaction/-/interaction-6.1.10.tgz",
      "integrity": "sha512-aZRlwCpmDasq2RNeWV0ub20Uevare9Cb6iMlxCacx0fhOC14H28G9d1FsduJIecInL84SPGwt5ItqAYMsWv7zw==",
      "peerDependencies": {
        "@fullcalendar/core": "~6.1.10"
      }
    },
    "node_modules/preact": {
      "version": "10.12.1",
      "resolved": "https://registry.npmjs.org/preact/-/preact-10.12.1.tgz",
      "integrity": "sha512-l8386ixSsBdbreOAkqtrwqHwdvR35ID8c3rKPa8lCWuO86dBi32QWHV4vfsZK1utLLFMvw+Z5Ad4XLkZzchscg==",
      "peer": true,
      "funding": {
        "type": "opencollective",
        "url": "https://opencollective.com/preact"
      }
    }
  }
}
